
Microsoft Visual Studio Solution File, Format Version 12.00
# Visual Studio Version 17
VisualStudioVersion = 17.8.34525.116
MinimumVisualStudioVersion = 10.0.40219.1
Project("{FAE04EC0-301F-11D3-BF4B-00C04F79EFBC}") = "AtividadeAvaliativa", "AtividadeAvaliativa\AtividadeAvaliativa.csproj", "{647D9B56-755D-48D3-BC7A-59431A9E8439}"
EndProject
Global
	GlobalSection(SolutionConfigurationPlatforms) = preSolution
		Debug|Any CPU = Debug|Any CPU
		Release|Any CPU = Release|Any CPU
	EndGlobalSection
	GlobalSection(ProjectConfigurationPlatforms) = postSolution
		{647D9B56-755D-48D3-BC7A-59431A9E8439}.Debug|Any CPU.ActiveCfg = Debug|Any CPU
		{647D9B56-755D-48D3-BC7A-59431A9E8439}.Debug|Any CPU.Build.0 = Debug|Any CPU
		{647D9B56-755D-48D3-BC7A-59431A9E8439}.Release|Any CPU.ActiveCfg = Release|Any CPU
		{647D9B56-755D-48D3-BC7A-59431A9E8439}.Release|Any CPU.Build.0 = Release|Any CPU
	EndGlobalSection
	GlobalSection(SolutionProperties) = preSolution
		HideSolutionNode = FALSE
	EndGlobalSection
	GlobalSection(ExtensibilityGlobals) = postSolution
		SolutionGuid = {9E10AA81-09A4-40DE-97EE-1EF69F2B2BE3}
	EndGlobalSection
EndGlobal
